
Microsoft Visual Studio Solution File, Format Version 12.00
# Visual Studio Version 18
VisualStudioVersion = 18.0.11222.15
MinimumVisualStudioVersion = 10.0.40219.1
Project("{FAE04EC0-301F-11D3-BF4B-00C04F79EFBC}") = "ApplyVault.Api", "ApplyVault.Api.csproj", "{51D6C43B-BE86-C662-D77A-B93A695F08F7}"
EndProject
Project("{FAE04EC0-301F-11D3-BF4B-00C04F79EFBC}") = "ApplyVault.Api.Tests", "..\ApplyVault.Api.Tests\ApplyVault.Api.Tests.csproj", "{BF8473C1-9FED-439A-AB00-170AB6A10EE8}"
EndProject
Project("{FAE04EC0-301F-11D3-BF4B-00C04F79EFBC}") = "ApplyVault.Api.IntegrationTests", "..\ApplyVault.Api.IntegrationTests\ApplyVault.Api.IntegrationTests.csproj", "{FD39AF31-9D16-4DDF-BD20-CA7E475D2712}"
EndProject
Global
	GlobalSection(SolutionConfigurationPlatforms) = preSolution
		Debug|Any CPU = Debug|Any CPU
		Debug|x64 = Debug|x64
		Debug|x86 = Debug|x86
		Release|Any CPU = Release|Any CPU
		Release|x64 = Release|x64
		Release|x86 = Release|x86
	EndGlobalSection
	GlobalSection(ProjectConfigurationPlatforms) = postSolution
		{51D6C43B-BE86-C662-D77A-B93A695F08F7}.Debug|Any CPU.ActiveCfg = Debug|Any CPU
		{51D6C43B-BE86-C662-D77A-B93A695F08F7}.Debug|Any CPU.Build.0 = Debug|Any CPU
		{51D6C43B-BE86-C662-D77A-B93A695F08F7}.Debug|x64.ActiveCfg = Debug|Any CPU
		{51D6C43B-BE86-C662-D77A-B93A695F08F7}.Debug|x64.Build.0 = Debug|Any CPU
		{51D6C43B-BE86-C662-D77A-B93A695F08F7}.Debug|x86.ActiveCfg = Debug|Any CPU
		{51D6C43B-BE86-C662-D77A-B93A695F08F7}.Debug|x86.Build.0 = Debug|Any CPU
		{51D6C43B-BE86-C662-D77A-B93A695F08F7}.Release|Any CPU.ActiveCfg = Release|Any CPU
		{51D6C43B-BE86-C662-D77A-B93A695F08F7}.Release|Any CPU.Build.0 = Release|Any CPU
		{51D6C43B-BE86-C662-D77A-B93A695F08F7}.Release|x64.ActiveCfg = Release|Any CPU
		{51D6C43B-BE86-C662-D77A-B93A695F08F7}.Release|x64.Build.0 = Release|Any CPU
		{51D6C43B-BE86-C662-D77A-B93A695F08F7}.Release|x86.ActiveCfg = Release|Any CPU
		{51D6C43B-BE86-C662-D77A-B93A695F08F7}.Release|x86.Build.0 = Release|Any CPU
		{BF8473C1-9FED-439A-AB00-170AB6A10EE8}.Debug|Any CPU.ActiveCfg = Debug|Any CPU
		{BF8473C1-9FED-439A-AB00-170AB6A10EE8}.Debug|Any CPU.Build.0 = Debug|Any CPU
		{BF8473C1-9FED-439A-AB00-170AB6A10EE8}.Debug|x64.ActiveCfg = Debug|Any CPU
		{BF8473C1-9FED-439A-AB00-170AB6A10EE8}.Debug|x64.Build.0 = Debug|Any CPU
		{BF8473C1-9FED-439A-AB00-170AB6A10EE8}.Debug|x86.ActiveCfg = Debug|Any CPU
		{BF8473C1-9FED-439A-AB00-170AB6A10EE8}.Debug|x86.Build.0 = Debug|Any CPU
		{BF8473C1-9FED-439A-AB00-170AB6A10EE8}.Release|Any CPU.ActiveCfg = Release|Any CPU
		{BF8473C1-9FED-439A-AB00-170AB6A10EE8}.Release|Any CPU.Build.0 = Release|Any CPU
		{BF8473C1-9FED-439A-AB00-170AB6A10EE8}.Release|x64.ActiveCfg = Release|Any CPU
		{BF8473C1-9FED-439A-AB00-170AB6A10EE8}.Release|x64.Build.0 = Release|Any CPU
		{BF8473C1-9FED-439A-AB00-170AB6A10EE8}.Release|x86.ActiveCfg = Release|Any CPU
		{BF8473C1-9FED-439A-AB00-170AB6A10EE8}.Release|x86.Build.0 = Release|Any CPU
		{FD39AF31-9D16-4DDF-BD20-CA7E475D2712}.Debug|Any CPU.ActiveCfg = Debug|Any CPU
		{FD39AF31-9D16-4DDF-BD20-CA7E475D2712}.Debug|Any CPU.Build.0 = Debug|Any CPU
		{FD39AF31-9D16-4DDF-BD20-CA7E475D2712}.Debug|x64.ActiveCfg = Debug|Any CPU
		{FD39AF31-9D16-4DDF-BD20-CA7E475D2712}.Debug|x64.Build.0 = Debug|Any CPU
		{FD39AF31-9D16-4DDF-BD20-CA7E475D2712}.Debug|x86.ActiveCfg = Debug|Any CPU
		{FD39AF31-9D16-4DDF-BD20-CA7E475D2712}.Debug|x86.Build.0 = Debug|Any CPU
		{FD39AF31-9D16-4DDF-BD20-CA7E475D2712}.Release|Any CPU.ActiveCfg = Release|Any CPU
		{FD39AF31-9D16-4DDF-BD20-CA7E475D2712}.Release|Any CPU.Build.0 = Release|Any CPU
		{FD39AF31-9D16-4DDF-BD20-CA7E475D2712}.Release|x64.ActiveCfg = Release|Any CPU
		{FD39AF31-9D16-4DDF-BD20-CA7E475D2712}.Release|x64.Build.0 = Release|Any CPU
		{FD39AF31-9D16-4DDF-BD20-CA7E475D2712}.Release|x86.ActiveCfg = Release|Any CPU
		{FD39AF31-9D16-4DDF-BD20-CA7E475D2712}.Release|x86.Build.0 = Release|Any CPU
	EndGlobalSection
	GlobalSection(SolutionProperties) = preSolution
		HideSolutionNode = FALSE
	EndGlobalSection
	GlobalSection(ExtensibilityGlobals) = postSolution
		SolutionGuid = {CD7A2BBB-976D-42C0-8337-7D783D2215C3}
	EndGlobalSection
EndGlobal
